
Microsoft Visual Studio Solution File, Format Version 12.00
# Visual Studio Version 17
VisualStudioVersion = 17.4.33213.308
MinimumVisualStudioVersion = 10.0.40219.1
Project("{9A19103F-16F7-4668-BE54-9A1E7A4F7556}") = "Real Estate API", "Real Estate API\Real Estate API.csproj", "{D22A7EA0-C59A-466F-BC2F-4ED6ACB14AFB}"
EndProject
Project("{9A19103F-16F7-4668-BE54-9A1E7A4F7556}") = "DataAccess", "DataAccess\DataAccess.csproj", "{75A2D5DD-E742-4A8F-A595-0879D1C0635E}"
EndProject
Project("{2150E333-8FDC-42A3-9474-1A3956D46DE8}") = "Data", "Data", "{34EFD8C9-35D0-4566-A40C-81D77AF57A4F}"
EndProject
Project("{9A19103F-16F7-4668-BE54-9A1E7A4F7556}") = "DataModels", "DataModels\DataModels.csproj", "{B6A3D42C-95F1-4D0D-97C2-DFDF8E409E4E}"
EndProject
Project("{2150E333-8FDC-42A3-9474-1A3956D46DE8}") = "Services", "Services", "{A389C1B1-9204-4AAC-BAC8-FD4A96788C25}"
EndProject
Project("{9A19103F-16F7-4668-BE54-9A1E7A4F7556}") = "RealEstate.Mediator", "RealEstate.Mediator\RealEstate.Mediator.csproj", "{60E617E6-1FB5-42D0-B3A7-B8BEEA91B51B}"
EndProject
Project("{9A19103F-16F7-4668-BE54-9A1E7A4F7556}") = "DTOModels", "DTOModels\DTOModels.csproj", "{35D07ECC-8916-4D4D-A42A-5994CE0BF52F}"
EndProject
Project("{2150E333-8FDC-42A3-9474-1A3956D46DE8}") = "API", "API", "{1AF2D8D0-712C-49A6-9586-4747B445EBE1}"
EndProject
Project("{2150E333-8FDC-42A3-9474-1A3956D46DE8}") = "Test", "Test", "{BDE813CD-E716-4DEB-8FD2-3EC9270DF542}"
EndProject
Project("{9A19103F-16F7-4668-BE54-9A1E7A4F7556}") = "RealEstate.Mediator.Test", "RealEstate.Mediator.Test\RealEstate.Mediator.Test.csproj", "{816A1746-01C3-4EBF-BB5D-6DEDBD0CE82C}"
EndProject
Project("{FAE04EC0-301F-11D3-BF4B-00C04F79EFBC}") = "RealEstate.Mediator.nUnitTest", "RealEstate.Mediator.nUnitTest\RealEstate.Mediator.nUnitTest.csproj", "{33AC7D97-C442-4B49-B909-3D4AC7275CDF}"
EndProject
Global
	GlobalSection(SolutionConfigurationPlatforms) = preSolution
		Debug|Any CPU = Debug|Any CPU
		Release|Any CPU = Release|Any CPU
	EndGlobalSection
	GlobalSection(ProjectConfigurationPlatforms) = postSolution
		{D22A7EA0-C59A-466F-BC2F-4ED6ACB14AFB}.Debug|Any CPU.ActiveCfg = Debug|Any CPU
		{D22A7EA0-C59A-466F-BC2F-4ED6ACB14AFB}.Debug|Any CPU.Build.0 = Debug|Any CPU
		{D22A7EA0-C59A-466F-BC2F-4ED6ACB14AFB}.Release|Any CPU.ActiveCfg = Release|Any CPU
		{D22A7EA0-C59A-466F-BC2F-4ED6ACB14AFB}.Release|Any CPU.Build.0 = Release|Any CPU
		{75A2D5DD-E742-4A8F-A595-0879D1C0635E}.Debug|Any CPU.ActiveCfg = Debug|Any CPU
		{75A2D5DD-E742-4A8F-A595-0879D1C0635E}.Debug|Any CPU.Build.0 = Debug|Any CPU
		{75A2D5DD-E742-4A8F-A595-0879D1C0635E}.Release|Any CPU.ActiveCfg = Release|Any CPU
		{75A2D5DD-E742-4A8F-A595-0879D1C0635E}.Release|Any CPU.Build.0 = Release|Any CPU
		{B6A3D42C-95F1-4D0D-97C2-DFDF8E409E4E}.Debug|Any CPU.ActiveCfg = Debug|Any CPU
		{B6A3D42C-95F1-4D0D-97C2-DFDF8E409E4E}.Debug|Any CPU.Build.0 = Debug|Any CPU
		{B6A3D42C-95F1-4D0D-97C2-DFDF8E409E4E}.Release|Any CPU.ActiveCfg = Release|Any CPU
		{B6A3D42C-95F1-4D0D-97C2-DFDF8E409E4E}.Release|Any CPU.Build.0 = Release|Any CPU
		{60E617E6-1FB5-42D0-B3A7-B8BEEA91B51B}.Debug|Any CPU.ActiveCfg = Debug|Any CPU
		{60E617E6-1FB5-42D0-B3A7-B8BEEA91B51B}.Debug|Any CPU.Build.0 = Debug|Any CPU
		{60E617E6-1FB5-42D0-B3A7-B8BEEA91B51B}.Release|Any CPU.ActiveCfg = Release|Any CPU
		{60E617E6-1FB5-42D0-B3A7-B8BEEA91B51B}.Release|Any CPU.Build.0 = Release|Any CPU
		{35D07ECC-8916-4D4D-A42A-5994CE0BF52F}.Debug|Any CPU.ActiveCfg = Debug|Any CPU
		{35D07ECC-8916-4D4D-A42A-5994CE0BF52F}.Debug|Any CPU.Build.0 = Debug|Any CPU
		{35D07ECC-8916-4D4D-A42A-5994CE0BF52F}.Release|Any CPU.ActiveCfg = Release|Any CPU
		{35D07ECC-8916-4D4D-A42A-5994CE0BF52F}.Release|Any CPU.Build.0 = Release|Any CPU
		{816A1746-01C3-4EBF-BB5D-6DEDBD0CE82C}.Debug|Any CPU.ActiveCfg = Debug|Any CPU
		{816A1746-01C3-4EBF-BB5D-6DEDBD0CE82C}.Debug|Any CPU.Build.0 = Debug|Any CPU
		{816A1746-01C3-4EBF-BB5D-6DEDBD0CE82C}.Release|Any CPU.ActiveCfg = Release|Any CPU
		{816A1746-01C3-4EBF-BB5D-6DEDBD0CE82C}.Release|Any CPU.Build.0 = Release|Any CPU
		{33AC7D97-C442-4B49-B909-3D4AC7275CDF}.Debug|Any CPU.ActiveCfg = Debug|Any CPU
		{33AC7D97-C442-4B49-B909-3D4AC7275CDF}.Debug|Any CPU.Build.0 = Debug|Any CPU
		{33AC7D97-C442-4B49-B909-3D4AC7275CDF}.Release|Any CPU.ActiveCfg = Release|Any CPU
		{33AC7D97-C442-4B49-B909-3D4AC7275CDF}.Release|Any CPU.Build.0 = Release|Any CPU
	EndGlobalSection
	GlobalSection(SolutionProperties) = preSolution
		HideSolutionNode = FALSE
	EndGlobalSection
	GlobalSection(NestedProjects) = preSolution
		{D22A7EA0-C59A-466F-BC2F-4ED6ACB14AFB} = {1AF2D8D0-712C-49A6-9586-4747B445EBE1}
		{75A2D5DD-E742-4A8F-A595-0879D1C0635E} = {34EFD8C9-35D0-4566-A40C-81D77AF57A4F}
		{B6A3D42C-95F1-4D0D-97C2-DFDF8E409E4E} = {34EFD8C9-35D0-4566-A40C-81D77AF57A4F}
		{60E617E6-1FB5-42D0-B3A7-B8BEEA91B51B} = {A389C1B1-9204-4AAC-BAC8-FD4A96788C25}
		{35D07ECC-8916-4D4D-A42A-5994CE0BF52F} = {34EFD8C9-35D0-4566-A40C-81D77AF57A4F}
		{816A1746-01C3-4EBF-BB5D-6DEDBD0CE82C} = {BDE813CD-E716-4DEB-8FD2-3EC9270DF542}
		{33AC7D97-C442-4B49-B909-3D4AC7275CDF} = {BDE813CD-E716-4DEB-8FD2-3EC9270DF542}
	EndGlobalSection
	GlobalSection(ExtensibilityGlobals) = postSolution
		SolutionGuid = {983D1208-75CA-4986-9AAE-2A593D015190}
	EndGlobalSection
EndGlobal
